
Microsoft Visual Studio Solution File, Format Version 12.00
# Visual Studio Version 16
VisualStudioVersion = 16.0.30011.22
MinimumVisualStudioVersion = 10.0.40219.1
Project("{FAE04EC0-301F-11D3-BF4B-00C04F79EFBC}") = "StringCompareIssue", "StringCompareIssue\StringCompareIssue.csproj", "{794E04EE-4C31-46B6-903C-71694291719F}"
EndProject
Global
	GlobalSection(SolutionConfigurationPlatforms) = preSolution
		Debug|Any CPU = Debug|Any CPU
		Release|Any CPU = Release|Any CPU
	EndGlobalSection
	GlobalSection(ProjectConfigurationPlatforms) = postSolution
		{794E04EE-4C31-46B6-903C-71694291719F}.Debug|Any CPU.ActiveCfg = Debug|Any CPU
		{794E04EE-4C31-46B6-903C-71694291719F}.Debug|Any CPU.Build.0 = Debug|Any CPU
		{794E04EE-4C31-46B6-903C-71694291719F}.Release|Any CPU.ActiveCfg = Release|Any CPU
		{794E04EE-4C31-46B6-903C-71694291719F}.Release|Any CPU.Build.0 = Release|Any CPU
	EndGlobalSection
	GlobalSection(SolutionProperties) = preSolution
		HideSolutionNode = FALSE
	EndGlobalSection
	GlobalSection(ExtensibilityGlobals) = postSolution
		SolutionGuid = {0BFED6E4-CB96-4FD5-B48E-CD2CEB73D777}
	EndGlobalSection
EndGlobal
