
Microsoft Visual Studio Solution File, Format Version 12.00
# Visual Studio Version 16
VisualStudioVersion = 16.0.30621.155
MinimumVisualStudioVersion = 10.0.40219.1
Project("{9A19103F-16F7-4668-BE54-9A1E7A4F7556}") = "dotNetTips.Utility.Standard.Tester", "Standard\dotNetTips.Utility.Standard.Tester\dotNetTips.Utility.Standard.Tester.csproj", "{523813B5-F708-4A66-8FA8-D945FDC519C9}"
EndProject
Project("{9A19103F-16F7-4668-BE54-9A1E7A4F7556}") = "dotNetTips.Utility.Standard.Tester.Tests", "Unit Tests\dotNetTips.Utility.Standard.Tester.Tests\dotNetTips.Utility.Standard.Tester.Tests.csproj", "{B6CC9D87-3B6C-49E7-832C-D77950E0A7CA}"
EndProject
Global
	GlobalSection(SolutionConfigurationPlatforms) = preSolution
		Debug|Any CPU = Debug|Any CPU
		Release|Any CPU = Release|Any CPU
	EndGlobalSection
	GlobalSection(ProjectConfigurationPlatforms) = postSolution
		{523813B5-F708-4A66-8FA8-D945FDC519C9}.Debug|Any CPU.ActiveCfg = Debug|Any CPU
		{523813B5-F708-4A66-8FA8-D945FDC519C9}.Debug|Any CPU.Build.0 = Debug|Any CPU
		{523813B5-F708-4A66-8FA8-D945FDC519C9}.Release|Any CPU.ActiveCfg = Release|Any CPU
		{523813B5-F708-4A66-8FA8-D945FDC519C9}.Release|Any CPU.Build.0 = Release|Any CPU
		{B6CC9D87-3B6C-49E7-832C-D77950E0A7CA}.Debug|Any CPU.ActiveCfg = Debug|Any CPU
		{B6CC9D87-3B6C-49E7-832C-D77950E0A7CA}.Debug|Any CPU.Build.0 = Debug|Any CPU
		{B6CC9D87-3B6C-49E7-832C-D77950E0A7CA}.Release|Any CPU.ActiveCfg = Release|Any CPU
		{B6CC9D87-3B6C-49E7-832C-D77950E0A7CA}.Release|Any CPU.Build.0 = Release|Any CPU
	EndGlobalSection
	GlobalSection(SolutionProperties) = preSolution
		HideSolutionNode = FALSE
	EndGlobalSection
	GlobalSection(ExtensibilityGlobals) = postSolution
		SolutionGuid = {30B586F4-3CB1-46BA-B323-BF320B2E6BF7}
	EndGlobalSection
EndGlobal
